{
  "name": "react-kavia",
  "version": "0.1.0",
  "lockfileVersion": 2,
  "requires": true,
  "packages": {
    "": {
      "name": "react-kavia",
      "version": "0.1.0",
      "private": true,
      "dependencies": {
        "react": "^18.2.0",
        "react-dom": "^18.2.0",
        "react-router-dom": "^6.26.2",
        "react-scripts": "^5.0.1"
      },
      "devDependencies": {
        "cross-env": "^7.0.3"
      }
    },
    "node_modules/react-router": {
      "version": "6.26.2",
      "resolved": "https://registry.npmjs.org/react-router/-/react-router-6.26.2.tgz",
      "integrity": "sha512-JYv3jykdEINw0oQxAipDXGz/OC2gy7TbhGzx2jNSW8xETxCkTBHyaRFjR8u3pQmwD4g5m4G8iQ3d5OKtPrd6TQ==",
      "dependencies": {
        "@remix-run/router": "1.19.2"
      },
      "engines": {
        "node": ">=14.0.0"
      },
      "peerDependencies": {
        "react": ">=16.8"
      }
    },
    "node_modules/react-router-dom": {
      "version": "6.26.2",
      "resolved": "https://registry.npmjs.org/react-router-dom/-/react-router-dom-6.26.2.tgz",
      "integrity": "sha512-qVfLZQ2YH5U4S4e3u7Jp0H8n3mCTG2Z7iYy6f9GmQK/7eG7oQwT1Q2JmJqv4mGm8eH0yPjK8pGJdK7kX2jvVxg==",
      "dependencies": {
        "react-router": "6.26.2"
      },
      "engines": {
        "node": ">=14.0.0"
      },
      "peerDependencies": {
        "react": ">=16.8",
        "react-dom": ">=16.8"
      }
    },
    "node_modules/@remix-run/router": {
      "version": "1.19.2",
      "resolved": "https://registry.npmjs.org/@remix-run/router/-/router-1.19.2.tgz",
      "integrity": "sha512-sY8sQHf4v5nQeJm1S8v0bZy3xgD0b7vT1rCkP0LkOqYc2Yp8aQ8d1eYw1jS8bWmN2KXyNnU7D1zO0lCwZcF8w==",
      "engines": {
        "node": ">=14.0.0"
      }
    }
  },
  "dependencies": {
    "@remix-run/router": {
      "version": "1.19.2",
      "resolved": "https://registry.npmjs.org/@remix-run/router/-/router-1.19.2.tgz",
      "integrity": "sha512-sY8sQHf4v5nQeJm1S8v0bZy3xgD0b7vT1rCkP0LkOqYc2Yp8aQ8d1eYw1jS8bWmN2KXyNnU7D1zO0lCwZcF8w=="
    },
    "react-router": {
      "version": "6.26.2",
      "resolved": "https://registry.npmjs.org/react-router/-/react-router-6.26.2.tgz",
      "integrity": "sha512-JYv3jykdEINw0oQxAipDXGz/OC2gy7TbhGzx2jNSW8xETxCkTBHyaRFjR8u3pQmwD4g5m4G8iQ3d5OKtPrd6TQ=="
    },
    "react-router-dom": {
      "version": "6.26.2",
      "resolved": "https://registry.npmjs.org/react-router-dom/-/react-router-dom-6.26.2.tgz",
      "integrity": "sha512-qVfLZQ2YH5U4S4e3u7Jp0H8n3mCTG2Z7iYy6f9GmQK/7eG7oQwT1Q2JmJqv4mGm8eH0yPjK8pGJdK7kX2jvVxg=="
    }
  }
}
